
Microsoft Visual Studio Solution File, Format Version 12.00
# Visual Studio Version 16
VisualStudioVersion = 16.0.33027.164
MinimumVisualStudioVersion = 10.0.40219.1
Project("{FAE04EC0-301F-11D3-BF4B-00C04F79EFBC}") = "ProjectDatingApp.Server", "ProjectDatingApp\Server\ProjectDatingApp.Server.csproj", "{1381D5A1-F59F-40F1-9AD7-D867FE0928BD}"
EndProject
Project("{FAE04EC0-301F-11D3-BF4B-00C04F79EFBC}") = "ProjectDatingApp.Client", "ProjectDatingApp\Client\ProjectDatingApp.Client.csproj", "{CC6B469D-F7CF-4042-AD4C-C1395DA8FA56}"
EndProject
Project("{FAE04EC0-301F-11D3-BF4B-00C04F79EFBC}") = "ProjectDatingApp.Shared", "ProjectDatingApp\Shared\ProjectDatingApp.Shared.csproj", "{26EAB1C9-5598-49F4-8FFE-125B1A46E196}"
EndProject
Global
	GlobalSection(SolutionConfigurationPlatforms) = preSolution
		Debug|Any CPU = Debug|Any CPU
		Release|Any CPU = Release|Any CPU
	EndGlobalSection
	GlobalSection(ProjectConfigurationPlatforms) = postSolution
		{1381D5A1-F59F-40F1-9AD7-D867FE0928BD}.Debug|Any CPU.ActiveCfg = Debug|Any CPU
		{1381D5A1-F59F-40F1-9AD7-D867FE0928BD}.Debug|Any CPU.Build.0 = Debug|Any CPU
		{1381D5A1-F59F-40F1-9AD7-D867FE0928BD}.Release|Any CPU.ActiveCfg = Release|Any CPU
		{1381D5A1-F59F-40F1-9AD7-D867FE0928BD}.Release|Any CPU.Build.0 = Release|Any CPU
		{CC6B469D-F7CF-4042-AD4C-C1395DA8FA56}.Debug|Any CPU.ActiveCfg = Debug|Any CPU
		{CC6B469D-F7CF-4042-AD4C-C1395DA8FA56}.Debug|Any CPU.Build.0 = Debug|Any CPU
		{CC6B469D-F7CF-4042-AD4C-C1395DA8FA56}.Release|Any CPU.ActiveCfg = Release|Any CPU
		{CC6B469D-F7CF-4042-AD4C-C1395DA8FA56}.Release|Any CPU.Build.0 = Release|Any CPU
		{26EAB1C9-5598-49F4-8FFE-125B1A46E196}.Debug|Any CPU.ActiveCfg = Debug|Any CPU
		{26EAB1C9-5598-49F4-8FFE-125B1A46E196}.Debug|Any CPU.Build.0 = Debug|Any CPU
		{26EAB1C9-5598-49F4-8FFE-125B1A46E196}.Release|Any CPU.ActiveCfg = Release|Any CPU
		{26EAB1C9-5598-49F4-8FFE-125B1A46E196}.Release|Any CPU.Build.0 = Release|Any CPU
	EndGlobalSection
	GlobalSection(SolutionProperties) = preSolution
		HideSolutionNode = FALSE
	EndGlobalSection
	GlobalSection(ExtensibilityGlobals) = postSolution
		SolutionGuid = {2DF28DDE-48A8-4242-BCC1-0FDCC1E4F7C3}
	EndGlobalSection
EndGlobal
